// !$*UTF8*$!
{
	archiveVersion = 1;
	classes = {
	};
	objectVersion = 77;
	objects = {

/* Begin PBXBuildFile section */
		49589FBF2E7230B500DB5DDB /* CocoaMQTT in Frameworks */ = {isa = PBXBuildFile; productRef = 49589FBE2E7230B500DB5DDB /* CocoaMQTT */; };
/* End PBXBuildFile section */

/* Begin PBXContainerItemProxy section */
		49589FA12E722FDF00DB5DDB /* PBXContainerItemProxy */ = {
			isa = PBXContainerItemProxy;
			containerPortal = 49589F882E722FDE00DB5DDB /* Project object */;
			proxyType = 1;
			remoteGlobalIDString = 49589F8F2E722FDE00DB5DDB;
			remoteInfo = clientMQTTnot;
		};
		49589FAB2E722FDF00DB5DDB /* PBXContainerItemProxy */ = {
			isa = PBXContainerItemProxy;
			containerPortal = 49589F882E722FDE00DB5DDB /* Project object */;
			proxyType = 1;
			remoteGlobalIDString = 49589F8F2E722FDE00DB5DDB;
			remoteInfo = clientMQTTnot;
		};
/* End PBXContainerItemProxy section */

/* Begin PBXFileReference section */
		49589F902E722FDE00DB5DDB /* clientMQTTnot.app */ = {isa = PBXFileReference; explicitFileType = wrapper.application; includeInIndex = 0; path = clientMQTTnot.app; sourceTree = BUILT_PRODUCTS_DIR; };
		49589FA02E722FDF00DB5DDB /* clientMQTTnotTests.xctest */ = {isa = PBXFileReference; explicitFileType = wrapper.cfbundle; includeInIndex = 0; path = clientMQTTnotTests.xctest; sourceTree = BUILT_PRODUCTS_DIR; };
		49589FAA2E722FDF00DB5DDB /* clientMQTTnotUITests.xctest */ = {isa = PBXFileReference; explicitFileType = wrapper.cfbundle; includeInIndex = 0; path = clientMQTTnotUITests.xctest; sourceTree = BUILT_PRODUCTS_DIR; };
/* End PBXFileReference section */

/* Begin PBXFileSystemSynchronizedRootGroup section */
		49589F922E722FDE00DB5DDB /* clientMQTTnot */ = {
			isa = PBXFileSystemSynchronizedRootGroup;
			path = clientMQTTnot;
			sourceTree = "<group>";
		};
		49589FA32E722FDF00DB5DDB /* clientMQTTnotTests */ = {
			isa = PBXFileSystemSynchronizedRootGroup;
			path = clientMQTTnotTests;
			sourceTree = "<group>";
		};
		49589FAD2E722FDF00DB5DDB /* clientMQTTnotUITests */ = {
			isa = PBXFileSystemSynchronizedRootGroup;
			path = clientMQTTnotUITests;
			sourceTree = "<group>";
		};
/* End PBXFileSystemSynchronizedRootGroup section */

/* Begin PBXFrameworksBuildPhase section */
		49589F8D2E722FDE00DB5DDB /* Frameworks */ = {
			isa = PBXFrameworksBuildPhase;
			buildActionMask = 2147483647;
			files = (
				49589FBF2E7230B500DB5DDB /* CocoaMQTT in Frameworks */,
			);
			runOnlyForDeploymentPostprocessing = 0;
		};
		49589F9D2E722FDF00DB5DDB /* Frameworks */ = {
			isa = PBXFrameworksBuildPhase;
			buildActionMask = 2147483647;
			files = (
			);
			runOnlyForDeploymentPostprocessing = 0;
		};
		49589FA72E722FDF00DB5DDB /* Frameworks */ = {
			isa = PBXFrameworksBuildPhase;
			buildActionMask = 2147483647;
			files = (
			);
			runOnlyForDeploymentPostprocessing = 0;
		};
/* End PBXFrameworksBuildPhase section */

/* Begin PBXGroup section */
		49589F872E722FDE00DB5DDB = {
			isa = PBXGroup;
			children = (
				49589F922E722FDE00DB5DDB /* clientMQTTnot */,
				49589FA32E722FDF00DB5DDB /* clientMQTTnotTests */,
				49589FAD2E722FDF00DB5DDB /* clientMQTTnotUITests */,
				49589F912E722FDE00DB5DDB /* Products */,
			);
			sourceTree = "<group>";
		};
		49589F912E722FDE00DB5DDB /* Products */ = {
			isa = PBXGroup;
			children = (
				49589F902E722FDE00DB5DDB /* clientMQTTnot.app */,
				49589FA02E722FDF00DB5DDB /* clientMQTTnotTests.xctest */,
				49589FAA2E722FDF00DB5DDB /* clientMQTTnotUITests.xctest */,
			);
			name = Products;
			sourceTree = "<group>";
		};
/* End PBXGroup section */

/* Begin PBXNativeTarget section */
		49589F8F2E722FDE00DB5DDB /* clientMQTTnot */ = {
			isa = PBXNativeTarget;
			buildConfigurationList = 49589FB42E722FDF00DB5DDB /* Build configuration list for PBXNativeTarget "clientMQTTnot" */;
			buildPhases = (
				49589F8C2E722FDE00DB5DDB /* Sources */,
				49589F8D2E722FDE00DB5DDB /* Frameworks */,
				49589F8E2E722FDE00DB5DDB /* Resources */,
			);
			buildRules = (
			);
			dependencies = (
			);
			fileSystemSynchronizedGroups = (
				49589F922E722FDE00DB5DDB /* clientMQTTnot */,
			);
			name = clientMQTTnot;
			packageProductDependencies = (
				49589FBE2E7230B500DB5DDB /* CocoaMQTT */,
			);
			productName = clientMQTTnot;
			productReference = 49589F902E722FDE00DB5DDB /* clientMQTTnot.app */;
			productType = "com.apple.product-type.application";
		};
		49589F9F2E722FDF00DB5DDB /* clientMQTTnotTests */ = {
			isa = PBXNativeTarget;
			buildConfigurationList = 49589FB72E722FDF00DB5DDB /* Build configuration list for PBXNativeTarget "clientMQTTnotTests" */;
			buildPhases = (
				49589F9C2E722FDF00DB5DDB /* Sources */,
				49589F9D2E722FDF00DB5DDB /* Frameworks */,
				49589F9E2E722FDF00DB5DDB /* Resources */,
			);
			buildRules = (
			);
			dependencies = (
				49589FA22E722FDF00DB5DDB /* PBXTargetDependency */,
			);
			fileSystemSynchronizedGroups = (
				49589FA32E722FDF00DB5DDB /* clientMQTTnotTests */,
			);
			name = clientMQTTnotTests;
			packageProductDependencies = (
			);
			productName = clientMQTTnotTests;
			productReference = 49589FA02E722FDF00DB5DDB /* clientMQTTnotTests.xctest */;
			productType = "com.apple.product-type.bundle.unit-test";
		};
		49589FA92E722FDF00DB5DDB /* clientMQTTnotUITests */ = {
			isa = PBXNativeTarget;
			buildConfigurationList = 49589FBA2E722FDF00DB5DDB /* Build configuration list for PBXNativeTarget "clientMQTTnotUITests" */;
			buildPhases = (
				49589FA62E722FDF00DB5DDB /* Sources */,
				49589FA72E722FDF00DB5DDB /* Frameworks */,
				49589FA82E722FDF00DB5DDB /* Resources */,
			);
			buildRules = (
			);
			dependencies = (
				49589FAC2E722FDF00DB5DDB /* PBXTargetDependency */,
			);
			fileSystemSynchronizedGroups = (
				49589FAD2E722FDF00DB5DDB /* clientMQTTnotUITests */,
			);
			name = clientMQTTnotUITests;
			packageProductDependencies = (
			);
			productName = clientMQTTnotUITests;
			productReference = 49589FAA2E722FDF00DB5DDB /* clientMQTTnotUITests.xctest */;
			productType = "com.apple.product-type.bundle.ui-testing";
		};
/* End PBXNativeTarget section */

/* Begin PBXProject section */
		49589F882E722FDE00DB5DDB /* Project object */ = {
			isa = PBXProject;
			attributes = {
				BuildIndependentTargetsInParallel = 1;
				LastSwiftUpdateCheck = 1620;
				LastUpgradeCheck = 1620;
				TargetAttributes = {
					49589F8F2E722FDE00DB5DDB = {
						CreatedOnToolsVersion = 16.2;
					};
					49589F9F2E722FDF00DB5DDB = {
						CreatedOnToolsVersion = 16.2;
						TestTargetID = 49589F8F2E722FDE00DB5DDB;
					};
					49589FA92E722FDF00DB5DDB = {
						CreatedOnToolsVersion = 16.2;
						TestTargetID = 49589F8F2E722FDE00DB5DDB;
					};
				};
			};
			buildConfigurationList = 49589F8B2E722FDE00DB5DDB /* Build configuration list for PBXProject "clientMQTTnot" */;
			developmentRegion = en;
			hasScannedForEncodings = 0;
			knownRegions = (
				en,
				Base,
			);
			mainGroup = 49589F872E722FDE00DB5DDB;
			minimizedProjectReferenceProxies = 1;
			packageReferences = (
				49589FBD2E7230B500DB5DDB /* XCRemoteSwiftPackageReference "CocoaMQTT" */,
			);
			preferredProjectObjectVersion = 77;
			productRefGroup = 49589F912E722FDE00DB5DDB /* Products */;
			projectDirPath = "";
			projectRoot = "";
			targets = (
				49589F8F2E722FDE00DB5DDB /* clientMQTTnot */,
				49589F9F2E722FDF00DB5DDB /* clientMQTTnotTests */,
				49589FA92E722FDF00DB5DDB /* clientMQTTnotUITests */,
			);
		};
/* End PBXProject section */

/* Begin PBXResourcesBuildPhase section */
		49589F8E2E722FDE00DB5DDB /* Resources */ = {
			isa = PBXResourcesBuildPhase;
			buildActionMask = 2147483647;
			files = (
			);
			runOnlyForDeploymentPostprocessing = 0;
		};
		49589F9E2E722FDF00DB5DDB /* Resources */ = {
			isa = PBXResourcesBuildPhase;
			buildActionMask = 2147483647;
			files = (
			);
			runOnlyForDeploymentPostprocessing = 0;
		};
		49589FA82E722FDF00DB5DDB /* Resources */ = {
			isa = PBXResourcesBuildPhase;
			buildActionMask = 2147483647;
			files = (
			);
			runOnlyForDeploymentPostprocessing = 0;
		};
/* End PBXResourcesBuildPhase section */

/* Begin PBXSourcesBuildPhase section */
		49589F8C2E722FDE00DB5DDB /* Sources */ = {
			isa = PBXSourcesBuildPhase;
			buildActionMask = 2147483647;
			files = (
			);
			runOnlyForDeploymentPostprocessing = 0;
		};
		49589F9C2E722FDF00DB5DDB /* Sources */ = {
			isa = PBXSourcesBuildPhase;
			buildActionMask = 2147483647;
			files = (
			);
			runOnlyForDeploymentPostprocessing = 0;
		};
		49589FA62E722FDF00DB5DDB /* Sources */ = {
			isa = PBXSourcesBuildPhase;
			buildActionMask = 2147483647;
			files = (
			);
			runOnlyForDeploymentPostprocessing = 0;
		};
/* End PBXSourcesBuildPhase section */

/* Begin PBXTargetDependency section */
		49589FA22E722FDF00DB5DDB /* PBXTargetDependency */ = {
			isa = PBXTargetDependency;
			target = 49589F8F2E722FDE00DB5DDB /* clientMQTTnot */;
			targetProxy = 49589FA12E722FDF00DB5DDB /* PBXContainerItemProxy */;
		};
		49589FAC2E722FDF00DB5DDB /* PBXTargetDependency */ = {
			isa = PBXTargetDependency;
			target = 49589F8F2E722FDE00DB5DDB /* clientMQTTnot */;
			targetProxy = 49589FAB2E722FDF00DB5DDB /* PBXContainerItemProxy */;
		};
/* End PBXTargetDependency section */

/* Begin XCBuildConfiguration section */
		49589FB22E722FDF00DB5DDB /* Debug */ = {
			isa = XCBuildConfiguration;
			buildSettings = {
				ALWAYS_SEARCH_USER_PATHS = NO;
				ASSETCATALOG_COMPILER_GENERATE_SWIFT_ASSET_SYMBOL_EXTENSIONS = YES;
				CLANG_ANALYZER_NONNULL = YES;
				CLANG_ANALYZER_NUMBER_OBJECT_CONVERSION = YES_AGGRESSIVE;
				CLANG_CXX_LANGUAGE_STANDARD = "gnu++20";
				CLANG_ENABLE_MODULES = YES;
				CLANG_ENABLE_OBJC_ARC = YES;
				CLANG_ENABLE_OBJC_WEAK = YES;
				CLANG_WARN_BLOCK_CAPTURE_AUTORELEASING = YES;
				CLANG_WARN_BOOL_CONVERSION = YES;
				CLANG_WARN_COMMA = YES;
				CLANG_WARN_CONSTANT_CONVERSION = YES;
				CLANG_WARN_DEPRECATED_OBJC_IMPLEMENTATIONS = YES;
				CLANG_WARN_DIRECT_OBJC_ISA_USAGE = YES_ERROR;
				CLANG_WARN_DOCUMENTATION_COMMENTS = YES;
				CLANG_WARN_EMPTY_BODY = YES;
				CLANG_WARN_ENUM_CONVERSION = YES;
				CLANG_WARN_INFINITE_RECURSION = YES;
				CLANG_WARN_INT_CONVERSION = YES;
				CLANG_WARN_NON_LITERAL_NULL_CONVERSION = YES;
				CLANG_WARN_OBJC_IMPLICIT_RETAIN_SELF = YES;
				CLANG_WARN_OBJC_LITERAL_CONVERSION = YES;
				CLANG_WARN_OBJC_ROOT_CLASS = YES_ERROR;
				CLANG_WARN_QUOTED_INCLUDE_IN_FRAMEWORK_HEADER = YES;
				CLANG_WARN_RANGE_LOOP_ANALYSIS = YES;
				CLANG_WARN_STRICT_PROTOTYPES = YES;
				CLANG_WARN_SUSPICIOUS_MOVE = YES;
				CLANG_WARN_UNGUARDED_AVAILABILITY = YES_AGGRESSIVE;
				CLANG_WARN_UNREACHABLE_CODE = YES;
				CLANG_WARN__DUPLICATE_METHOD_MATCH = YES;
				COPY_PHASE_STRIP = NO;
				DEBUG_INFORMATION_FORMAT = dwarf;
				ENABLE_STRICT_OBJC_MSGSEND = YES;
				ENABLE_TESTABILITY = YES;
				ENABLE_USER_SCRIPT_SANDBOXING = YES;
				GCC_C_LANGUAGE_STANDARD = gnu17;
				GCC_DYNAMIC_NO_PIC = NO;
				GCC_NO_COMMON_BLOCKS = YES;
				GCC_OPTIMIZATION_LEVEL = 0;
				GCC_PREPROCESSOR_DEFINITIONS = (
					"DEBUG=1",
					"$(inherited)",
				);
				GCC_WARN_64_TO_32_BIT_CONVERSION = YES;
				GCC_WARN_ABOUT_RETURN_TYPE = YES_ERROR;
				GCC_WARN_UNDECLARED_SELECTOR = YES;
				GCC_WARN_UNINITIALIZED_AUTOS = YES_AGGRESSIVE;
				GCC_WARN_UNUSED_FUNCTION = YES;
				GCC_WARN_UNUSED_VARIABLE = YES;
				IPHONEOS_DEPLOYMENT_TARGET = 18.2;
				LOCALIZATION_PREFERS_STRING_CATALOGS = YES;
				MTL_ENABLE_DEBUG_INFO = INCLUDE_SOURCE;
				MTL_FAST_MATH = YES;
				ONLY_ACTIVE_ARCH = YES;
				SDKROOT = iphoneos;
				SWIFT_ACTIVE_COMPILATION_CONDITIONS = "DEBUG $(inherited)";
				SWIFT_OPTIMIZATION_LEVEL = "-Onone";
			};
			name = Debug;
		};
		49589FB32E722FDF00DB5DDB /* Release */ = {
			isa = XCBuildConfiguration;
			buildSettings = {
				ALWAYS_SEARCH_USER_PATHS = NO;
				ASSETCATALOG_COMPILER_GENERATE_SWIFT_ASSET_SYMBOL_EXTENSIONS = YES;
				CLANG_ANALYZER_NONNULL = YES;
				CLANG_ANALYZER_NUMBER_OBJECT_CONVERSION = YES_AGGRESSIVE;
				CLANG_CXX_LANGUAGE_STANDARD = "gnu++20";
				CLANG_ENABLE_MODULES = YES;
				CLANG_ENABLE_OBJC_ARC = YES;
				CLANG_ENABLE_OBJC_WEAK = YES;
				CLANG_WARN_BLOCK_CAPTURE_AUTORELEASING = YES;
				CLANG_WARN_BOOL_CONVERSION = YES;
				CLANG_WARN_COMMA = YES;
				CLANG_WARN_CONSTANT_CONVERSION = YES;
				CLANG_WARN_DEPRECATED_OBJC_IMPLEMENTATIONS = YES;
				CLANG_WARN_DIRECT_OBJC_ISA_USAGE = YES_ERROR;
				CLANG_WARN_DOCUMENTATION_COMMENTS = YES;
				CLANG_WARN_EMPTY_BODY = YES;
				CLANG_WARN_ENUM_CONVERSION = YES;
				CLANG_WARN_INFINITE_RECURSION = YES;
				CLANG_WARN_INT_CONVERSION = YES;
				CLANG_WARN_NON_LITERAL_NULL_CONVERSION = YES;
				CLANG_WARN_OBJC_IMPLICIT_RETAIN_SELF = YES;
				CLANG_WARN_OBJC_LITERAL_CONVERSION = YES;
				CLANG_WARN_OBJC_ROOT_CLASS = YES_ERROR;
				CLANG_WARN_QUOTED_INCLUDE_IN_FRAMEWORK_HEADER = YES;
				CLANG_WARN_RANGE_LOOP_ANALYSIS = YES;
				CLANG_WARN_STRICT_PROTOTYPES = YES;
				CLANG_WARN_SUSPICIOUS_MOVE = YES;
				CLANG_WARN_UNGUARDED_AVAILABILITY = YES_AGGRESSIVE;
				CLANG_WARN_UNREACHABLE_CODE = YES;
				CLANG_WARN__DUPLICATE_METHOD_MATCH = YES;
				COPY_PHASE_STRIP = NO;
				DEBUG_INFORMATION_FORMAT = "dwarf-with-dsym";
				ENABLE_NS_ASSERTIONS = NO;
				ENABLE_STRICT_OBJC_MSGSEND = YES;
				ENABLE_USER_SCRIPT_SANDBOXING = YES;
				GCC_C_LANGUAGE_STANDARD = gnu17;
				GCC_NO_COMMON_BLOCKS = YES;
				GCC_WARN_64_TO_32_BIT_CONVERSION = YES;
				GCC_WARN_ABOUT_RETURN_TYPE = YES_ERROR;
				GCC_WARN_UNDECLARED_SELECTOR = YES;
				GCC_WARN_UNINITIALIZED_AUTOS = YES_AGGRESSIVE;
				GCC_WARN_UNUSED_FUNCTION = YES;
				GCC_WARN_UNUSED_VARIABLE = YES;
				IPHONEOS_DEPLOYMENT_TARGET = 18.2;
				LOCALIZATION_PREFERS_STRING_CATALOGS = YES;
				MTL_ENABLE_DEBUG_INFO = NO;
				MTL_FAST_MATH = YES;
				SDKROOT = iphoneos;
				SWIFT_COMPILATION_MODE = wholemodule;
				VALIDATE_PRODUCT = YES;
			};
			name = Release;
		};
		49589FB52E722FDF00DB5DDB /* Debug */ = {
			isa = XCBuildConfiguration;
			buildSettings = {
				ASSETCATALOG_COMPILER_APPICON_NAME = AppIcon;
				ASSETCATALOG_COMPILER_GLOBAL_ACCENT_COLOR_NAME = AccentColor;
				CODE_SIGN_STYLE = Automatic;
				CURRENT_PROJECT_VERSION = 1;
				DEVELOPMENT_ASSET_PATHS = "\"clientMQTTnot/Preview Content\"";
				DEVELOPMENT_TEAM = 7A3ZU5P8L4;
				ENABLE_PREVIEWS = YES;
				GENERATE_INFOPLIST_FILE = YES;
				INFOPLIST_KEY_UIApplicationSceneManifest_Generation = YES;
				INFOPLIST_KEY_UIApplicationSupportsIndirectInputEvents = YES;
				INFOPLIST_KEY_UILaunchScreen_Generation = YES;
				INFOPLIST_KEY_UISupportedInterfaceOrientations_iPad = "UIInterfaceOrientationPortrait UIInterfaceOrientationPortraitUpsideDown UIInterfaceOrientationLandscapeLeft UIInterfaceOrientationLandscapeRight";
				INFOPLIST_KEY_UISupportedInterfaceOrientations_iPhone = "UIInterfaceOrientationPortrait UIInterfaceOrientationLandscapeLeft UIInterfaceOrientationLandscapeRight";
				LD_RUNPATH_SEARCH_PATHS = (
					"$(inherited)",
					"@executable_path/Frameworks",
				);
				MARKETING_VERSION = 1.0;
				PRODUCT_BUNDLE_IDENTIFIER = slmm.clientMQTTnot;
				PRODUCT_NAME = "$(TARGET_NAME)";
				SWIFT_EMIT_LOC_STRINGS = YES;
				SWIFT_VERSION = 5.0;
				TARGETED_DEVICE_FAMILY = "1,2";
			};
			name = Debug;
		};
		49589FB62E722FDF00DB5DDB /* Release */ = {
			isa = XCBuildConfiguration;
			buildSettings = {
				ASSETCATALOG_COMPILER_APPICON_NAME = AppIcon;
				ASSETCATALOG_COMPILER_GLOBAL_ACCENT_COLOR_NAME = AccentColor;
				CODE_SIGN_STYLE = Automatic;
				CURRENT_PROJECT_VERSION = 1;
				DEVELOPMENT_ASSET_PATHS = "\"clientMQTTnot/Preview Content\"";
				DEVELOPMENT_TEAM = 7A3ZU5P8L4;
				ENABLE_PREVIEWS = YES;
				GENERATE_INFOPLIST_FILE = YES;
				INFOPLIST_KEY_UIApplicationSceneManifest_Generation = YES;
				INFOPLIST_KEY_UIApplicationSupportsIndirectInputEvents = YES;
				INFOPLIST_KEY_UILaunchScreen_Generation = YES;
				INFOPLIST_KEY_UISupportedInterfaceOrientations_iPad = "UIInterfaceOrientationPortrait UIInterfaceOrientationPortraitUpsideDown UIInterfaceOrientationLandscapeLeft UIInterfaceOrientationLandscapeRight";
				INFOPLIST_KEY_UISupportedInterfaceOrientations_iPhone = "UIInterfaceOrientationPortrait UIInterfaceOrientationLandscapeLeft UIInterfaceOrientationLandscapeRight";
				LD_RUNPATH_SEARCH_PATHS = (
					"$(inherited)",
					"@executable_path/Frameworks",
				);
				MARKETING_VERSION = 1.0;
				PRODUCT_BUNDLE_IDENTIFIER = slmm.clientMQTTnot;
				PRODUCT_NAME = "$(TARGET_NAME)";
				SWIFT_EMIT_LOC_STRINGS = YES;
				SWIFT_VERSION = 5.0;
				TARGETED_DEVICE_FAMILY = "1,2";
			};
			name = Release;
		};
		49589FB82E722FDF00DB5DDB /* Debug */ = {
			isa = XCBuildConfiguration;
			buildSettings = {
				BUNDLE_LOADER = "$(TEST_HOST)";
				CODE_SIGN_STYLE = Automatic;
				CURRENT_PROJECT_VERSION = 1;
				DEVELOPMENT_TEAM = 7A3ZU5P8L4;
				GENERATE_INFOPLIST_FILE = YES;
				IPHONEOS_DEPLOYMENT_TARGET = 18.2;
				MARKETING_VERSION = 1.0;
				PRODUCT_BUNDLE_IDENTIFIER = slmm.clientMQTTnotTests;
				PRODUCT_NAME = "$(TARGET_NAME)";
				SWIFT_EMIT_LOC_STRINGS = NO;
				SWIFT_VERSION = 5.0;
				TARGETED_DEVICE_FAMILY = "1,2";
				TEST_HOST = "$(BUILT_PRODUCTS_DIR)/clientMQTTnot.app/$(BUNDLE_EXECUTABLE_FOLDER_PATH)/clientMQTTnot";
			};
			name = Debug;
		};
		49589FB92E722FDF00DB5DDB /* Release */ = {
			isa = XCBuildConfiguration;
			buildSettings = {
				BUNDLE_LOADER = "$(TEST_HOST)";
				CODE_SIGN_STYLE = Automatic;
				CURRENT_PROJECT_VERSION = 1;
				DEVELOPMENT_TEAM = 7A3ZU5P8L4;
				GENERATE_INFOPLIST_FILE = YES;
				IPHONEOS_DEPLOYMENT_TARGET = 18.2;
				MARKETING_VERSION = 1.0;
				PRODUCT_BUNDLE_IDENTIFIER = slmm.clientMQTTnotTests;
				PRODUCT_NAME = "$(TARGET_NAME)";
				SWIFT_EMIT_LOC_STRINGS = NO;
				SWIFT_VERSION = 5.0;
				TARGETED_DEVICE_FAMILY = "1,2";
				TEST_HOST = "$(BUILT_PRODUCTS_DIR)/clientMQTTnot.app/$(BUNDLE_EXECUTABLE_FOLDER_PATH)/clientMQTTnot";
			};
			name = Release;
		};
		49589FBB2E722FDF00DB5DDB /* Debug */ = {
			isa = XCBuildConfiguration;
			buildSettings = {
				CODE_SIGN_STYLE = Automatic;
				CURRENT_PROJECT_VERSION = 1;
				DEVELOPMENT_TEAM = 7A3ZU5P8L4;
				GENERATE_INFOPLIST_FILE = YES;
				MARKETING_VERSION = 1.0;
				PRODUCT_BUNDLE_IDENTIFIER = slmm.clientMQTTnotUITests;
				PRODUCT_NAME = "$(TARGET_NAME)";
				SWIFT_EMIT_LOC_STRINGS = NO;
				SWIFT_VERSION = 5.0;
				TARGETED_DEVICE_FAMILY = "1,2";
				TEST_TARGET_NAME = clientMQTTnot;
			};
			name = Debug;
		};
		49589FBC2E722FDF00DB5DDB /* Release */ = {
			isa = XCBuildConfiguration;
			buildSettings = {
				CODE_SIGN_STYLE = Automatic;
				CURRENT_PROJECT_VERSION = 1;
				DEVELOPMENT_TEAM = 7A3ZU5P8L4;
				GENERATE_INFOPLIST_FILE = YES;
				MARKETING_VERSION = 1.0;
				PRODUCT_BUNDLE_IDENTIFIER = slmm.clientMQTTnotUITests;
				PRODUCT_NAME = "$(TARGET_NAME)";
				SWIFT_EMIT_LOC_STRINGS = NO;
				SWIFT_VERSION = 5.0;
				TARGETED_DEVICE_FAMILY = "1,2";
				TEST_TARGET_NAME = clientMQTTnot;
			};
			name = Release;
		};
/* End XCBuildConfiguration section */

/* Begin XCConfigurationList section */
		49589F8B2E722FDE00DB5DDB /* Build configuration list for PBXProject "clientMQTTnot" */ = {
			isa = XCConfigurationList;
			buildConfigurations = (
				49589FB22E722FDF00DB5DDB /* Debug */,
				49589FB32E722FDF00DB5DDB /* Release */,
			);
			defaultConfigurationIsVisible = 0;
			defaultConfigurationName = Release;
		};
		49589FB42E722FDF00DB5DDB /* Build configuration list for PBXNativeTarget "clientMQTTnot" */ = {
			isa = XCConfigurationList;
			buildConfigurations = (
				49589FB52E722FDF00DB5DDB /* Debug */,
				49589FB62E722FDF00DB5DDB /* Release */,
			);
			defaultConfigurationIsVisible = 0;
			defaultConfigurationName = Release;
		};
		49589FB72E722FDF00DB5DDB /* Build configuration list for PBXNativeTarget "clientMQTTnotTests" */ = {
			isa = XCConfigurationList;
			buildConfigurations = (
				49589FB82E722FDF00DB5DDB /* Debug */,
				49589FB92E722FDF00DB5DDB /* Release */,
			);
			defaultConfigurationIsVisible = 0;
			defaultConfigurationName = Release;
		};
		49589FBA2E722FDF00DB5DDB /* Build configuration list for PBXNativeTarget "clientMQTTnotUITests" */ = {
			isa = XCConfigurationList;
			buildConfigurations = (
				49589FBB2E722FDF00DB5DDB /* Debug */,
				49589FBC2E722FDF00DB5DDB /* Release */,
			);
			defaultConfigurationIsVisible = 0;
			defaultConfigurationName = Release;
		};
/* End XCConfigurationList section */

/* Begin XCRemoteSwiftPackageReference section */
		49589FBD2E7230B500DB5DDB /* XCRemoteSwiftPackageReference "CocoaMQTT" */ = {
			isa = XCRemoteSwiftPackageReference;
			repositoryURL = "https://github.com/emqx/CocoaMQTT.git";
			requirement = {
				kind = upToNextMajorVersion;
				minimumVersion = 2.1.9;
			};
		};
/* End XCRemoteSwiftPackageReference section */

/* Begin XCSwiftPackageProductDependency section */
		49589FBE2E7230B500DB5DDB /* CocoaMQTT */ = {
			isa = XCSwiftPackageProductDependency;
			package = 49589FBD2E7230B500DB5DDB /* XCRemoteSwiftPackageReference "CocoaMQTT" */;
			productName = CocoaMQTT;
		};
/* End XCSwiftPackageProductDependency section */
	};
	rootObject = 49589F882E722FDE00DB5DDB /* Project object */;
}
